
Microsoft Visual Studio Solution File, Format Version 12.00
# TcXaeShell Solution File, Format Version 11.00
VisualStudioVersion = 15.0.34829.251
MinimumVisualStudioVersion = 10.0.40219.1
Project("{FE7A1B72-C5B7-4D7C-BB7D-76384D4DE8E1}") = "kwhMeter", "kwhMeter\kwhMeter.hmiproj", "{301DAEDE-895A-4DA3-99E4-6521BBD61AA9}"
EndProject
Global
	GlobalSection(SolutionConfigurationPlatforms) = preSolution
		Debug|TwinCAT HMI = Debug|TwinCAT HMI
		Release|TwinCAT HMI = Release|TwinCAT HMI
	EndGlobalSection
	GlobalSection(ProjectConfigurationPlatforms) = postSolution
		{301DAEDE-895A-4DA3-99E4-6521BBD61AA9}.Debug|TwinCAT HMI.ActiveCfg = Debug|TwinCAT HMI
		{301DAEDE-895A-4DA3-99E4-6521BBD61AA9}.Debug|TwinCAT HMI.Build.0 = Debug|TwinCAT HMI
		{301DAEDE-895A-4DA3-99E4-6521BBD61AA9}.Release|TwinCAT HMI.ActiveCfg = Release|TwinCAT HMI
		{301DAEDE-895A-4DA3-99E4-6521BBD61AA9}.Release|TwinCAT HMI.Build.0 = Release|TwinCAT HMI
	EndGlobalSection
	GlobalSection(SolutionProperties) = preSolution
		HideSolutionNode = FALSE
	EndGlobalSection
	GlobalSection(ExtensibilityGlobals) = postSolution
		SolutionGuid = {E0D5E688-6284-4B14-8007-ECC58254BAD0}
	EndGlobalSection
EndGlobal
